
Microsoft Visual Studio Solution File, Format Version 12.00
# Visual Studio 2012
Project("{FAE04EC0-301F-11D3-BF4B-00C04F79EFBC}") = "Editor", "Editor\Editor\Editor.csproj", "{7D429D4D-5393-4769-9236-CD05B0AC6449}"
EndProject
Project("{FAE04EC0-301F-11D3-BF4B-00C04F79EFBC}") = "EditorContent", "Editor\EditorContent\EditorContent.contentproj", "{6CC73272-9897-4F50-B43E-8252116DDF38}"
EndProject
Project("{FAE04EC0-301F-11D3-BF4B-00C04F79EFBC}") = "MUlib", "MUlib\MUlib.csproj", "{06FBE73C-3D11-42E8-A1AE-48D79C22D153}"
EndProject
Project("{FAE04EC0-301F-11D3-BF4B-00C04F79EFBC}") = "ROTM_MU002", "ROTM_MU002\ROTM_MU002.csproj", "{FBB7D65A-9332-497E-97B1-77D1D675944F}"
EndProject
Project("{FAE04EC0-301F-11D3-BF4B-00C04F79EFBC}") = "MULib2", "MULib2\MULib2.csproj", "{4C238E9D-3C68-48A9-89C3-4AB51A82854C}"
EndProject
Global
	GlobalSection(SolutionConfigurationPlatforms) = preSolution
		Debug|Any CPU = Debug|Any CPU
		Debug|Mixed Platforms = Debug|Mixed Platforms
		Debug|Windows Phone = Debug|Windows Phone
		Debug|x64 = Debug|x64
		Debug|x86 = Debug|x86
		Debug|Xbox 360 = Debug|Xbox 360
		Release|Any CPU = Release|Any CPU
		Release|Mixed Platforms = Release|Mixed Platforms
		Release|Windows Phone = Release|Windows Phone
		Release|x64 = Release|x64
		Release|x86 = Release|x86
		Release|Xbox 360 = Release|Xbox 360
	EndGlobalSection
	GlobalSection(ProjectConfigurationPlatforms) = postSolution
		{7D429D4D-5393-4769-9236-CD05B0AC6449}.Debug|Any CPU.ActiveCfg = Debug|x86
		{7D429D4D-5393-4769-9236-CD05B0AC6449}.Debug|Mixed Platforms.ActiveCfg = Debug|x86
		{7D429D4D-5393-4769-9236-CD05B0AC6449}.Debug|Mixed Platforms.Build.0 = Debug|x86
		{7D429D4D-5393-4769-9236-CD05B0AC6449}.Debug|Windows Phone.ActiveCfg = Debug|x86
		{7D429D4D-5393-4769-9236-CD05B0AC6449}.Debug|Windows Phone.Build.0 = Debug|x86
		{7D429D4D-5393-4769-9236-CD05B0AC6449}.Debug|x64.ActiveCfg = Debug|x86
		{7D429D4D-5393-4769-9236-CD05B0AC6449}.Debug|x86.ActiveCfg = Debug|x86
		{7D429D4D-5393-4769-9236-CD05B0AC6449}.Debug|x86.Build.0 = Debug|x86
		{7D429D4D-5393-4769-9236-CD05B0AC6449}.Debug|Xbox 360.ActiveCfg = Debug|x86
		{7D429D4D-5393-4769-9236-CD05B0AC6449}.Debug|Xbox 360.Build.0 = Debug|x86
		{7D429D4D-5393-4769-9236-CD05B0AC6449}.Release|Any CPU.ActiveCfg = Release|x86
		{7D429D4D-5393-4769-9236-CD05B0AC6449}.Release|Mixed Platforms.ActiveCfg = Release|x86
		{7D429D4D-5393-4769-9236-CD05B0AC6449}.Release|Mixed Platforms.Build.0 = Release|x86
		{7D429D4D-5393-4769-9236-CD05B0AC6449}.Release|Windows Phone.ActiveCfg = Release|x86
		{7D429D4D-5393-4769-9236-CD05B0AC6449}.Release|Windows Phone.Build.0 = Release|x86
		{7D429D4D-5393-4769-9236-CD05B0AC6449}.Release|x64.ActiveCfg = Release|x86
		{7D429D4D-5393-4769-9236-CD05B0AC6449}.Release|x86.ActiveCfg = Release|x86
		{7D429D4D-5393-4769-9236-CD05B0AC6449}.Release|x86.Build.0 = Release|x86
		{7D429D4D-5393-4769-9236-CD05B0AC6449}.Release|Xbox 360.ActiveCfg = Release|x86
		{7D429D4D-5393-4769-9236-CD05B0AC6449}.Release|Xbox 360.Build.0 = Release|x86
		{6CC73272-9897-4F50-B43E-8252116DDF38}.Debug|Any CPU.ActiveCfg = Debug|x86
		{6CC73272-9897-4F50-B43E-8252116DDF38}.Debug|Mixed Platforms.ActiveCfg = Debug|x86
		{6CC73272-9897-4F50-B43E-8252116DDF38}.Debug|Windows Phone.ActiveCfg = Debug|x86
		{6CC73272-9897-4F50-B43E-8252116DDF38}.Debug|x64.ActiveCfg = Debug|x86
		{6CC73272-9897-4F50-B43E-8252116DDF38}.Debug|x86.ActiveCfg = Debug|x86
		{6CC73272-9897-4F50-B43E-8252116DDF38}.Debug|Xbox 360.ActiveCfg = Debug|x86
		{6CC73272-9897-4F50-B43E-8252116DDF38}.Release|Any CPU.ActiveCfg = Release|x86
		{6CC73272-9897-4F50-B43E-8252116DDF38}.Release|Mixed Platforms.ActiveCfg = Release|x86
		{6CC73272-9897-4F50-B43E-8252116DDF38}.Release|Windows Phone.ActiveCfg = Release|x86
		{6CC73272-9897-4F50-B43E-8252116DDF38}.Release|x64.ActiveCfg = Release|x86
		{6CC73272-9897-4F50-B43E-8252116DDF38}.Release|x86.ActiveCfg = Release|x86
		{6CC73272-9897-4F50-B43E-8252116DDF38}.Release|Xbox 360.ActiveCfg = Release|x86
		{06FBE73C-3D11-42E8-A1AE-48D79C22D153}.Debug|Any CPU.ActiveCfg = Debug|x86
		{06FBE73C-3D11-42E8-A1AE-48D79C22D153}.Debug|Mixed Platforms.ActiveCfg = Debug|x86
		{06FBE73C-3D11-42E8-A1AE-48D79C22D153}.Debug|Mixed Platforms.Build.0 = Debug|x86
		{06FBE73C-3D11-42E8-A1AE-48D79C22D153}.Debug|Windows Phone.ActiveCfg = Debug|x86
		{06FBE73C-3D11-42E8-A1AE-48D79C22D153}.Debug|Windows Phone.Build.0 = Debug|x86
		{06FBE73C-3D11-42E8-A1AE-48D79C22D153}.Debug|x64.ActiveCfg = Debug|x86
		{06FBE73C-3D11-42E8-A1AE-48D79C22D153}.Debug|x86.ActiveCfg = Debug|x86
		{06FBE73C-3D11-42E8-A1AE-48D79C22D153}.Debug|x86.Build.0 = Debug|x86
		{06FBE73C-3D11-42E8-A1AE-48D79C22D153}.Debug|Xbox 360.ActiveCfg = Debug|x86
		{06FBE73C-3D11-42E8-A1AE-48D79C22D153}.Debug|Xbox 360.Build.0 = Debug|x86
		{06FBE73C-3D11-42E8-A1AE-48D79C22D153}.Release|Any CPU.ActiveCfg = Release|x86
		{06FBE73C-3D11-42E8-A1AE-48D79C22D153}.Release|Mixed Platforms.ActiveCfg = Release|x86
		{06FBE73C-3D11-42E8-A1AE-48D79C22D153}.Release|Mixed Platforms.Build.0 = Release|x86
		{06FBE73C-3D11-42E8-A1AE-48D79C22D153}.Release|Windows Phone.ActiveCfg = Release|x86
		{06FBE73C-3D11-42E8-A1AE-48D79C22D153}.Release|Windows Phone.Build.0 = Release|x86
		{06FBE73C-3D11-42E8-A1AE-48D79C22D153}.Release|x64.ActiveCfg = Release|x86
		{06FBE73C-3D11-42E8-A1AE-48D79C22D153}.Release|x86.ActiveCfg = Release|x86
		{06FBE73C-3D11-42E8-A1AE-48D79C22D153}.Release|x86.Build.0 = Release|x86
		{06FBE73C-3D11-42E8-A1AE-48D79C22D153}.Release|Xbox 360.ActiveCfg = Release|x86
		{06FBE73C-3D11-42E8-A1AE-48D79C22D153}.Release|Xbox 360.Build.0 = Release|x86
		{FBB7D65A-9332-497E-97B1-77D1D675944F}.Debug|Any CPU.ActiveCfg = Debug|x86
		{FBB7D65A-9332-497E-97B1-77D1D675944F}.Debug|Mixed Platforms.ActiveCfg = Debug|x86
		{FBB7D65A-9332-497E-97B1-77D1D675944F}.Debug|Mixed Platforms.Build.0 = Debug|x86
		{FBB7D65A-9332-497E-97B1-77D1D675944F}.Debug|Windows Phone.ActiveCfg = Debug|x86
		{FBB7D65A-9332-497E-97B1-77D1D675944F}.Debug|Windows Phone.Build.0 = Debug|x86
		{FBB7D65A-9332-497E-97B1-77D1D675944F}.Debug|x64.ActiveCfg = Debug|x86
		{FBB7D65A-9332-497E-97B1-77D1D675944F}.Debug|x86.ActiveCfg = Debug|x86
		{FBB7D65A-9332-497E-97B1-77D1D675944F}.Debug|x86.Build.0 = Debug|x86
		{FBB7D65A-9332-497E-97B1-77D1D675944F}.Debug|Xbox 360.ActiveCfg = Debug|x86
		{FBB7D65A-9332-497E-97B1-77D1D675944F}.Debug|Xbox 360.Build.0 = Debug|x86
		{FBB7D65A-9332-497E-97B1-77D1D675944F}.Release|Any CPU.ActiveCfg = Release|x86
		{FBB7D65A-9332-497E-97B1-77D1D675944F}.Release|Mixed Platforms.ActiveCfg = Release|x86
		{FBB7D65A-9332-497E-97B1-77D1D675944F}.Release|Mixed Platforms.Build.0 = Release|x86
		{FBB7D65A-9332-497E-97B1-77D1D675944F}.Release|Windows Phone.ActiveCfg = Release|x86
		{FBB7D65A-9332-497E-97B1-77D1D675944F}.Release|Windows Phone.Build.0 = Release|x86
		{FBB7D65A-9332-497E-97B1-77D1D675944F}.Release|x64.ActiveCfg = Release|x86
		{FBB7D65A-9332-497E-97B1-77D1D675944F}.Release|x86.ActiveCfg = Release|x86
		{FBB7D65A-9332-497E-97B1-77D1D675944F}.Release|x86.Build.0 = Release|x86
		{FBB7D65A-9332-497E-97B1-77D1D675944F}.Release|Xbox 360.ActiveCfg = Release|x86
		{FBB7D65A-9332-497E-97B1-77D1D675944F}.Release|Xbox 360.Build.0 = Release|x86
		{4C238E9D-3C68-48A9-89C3-4AB51A82854C}.Debug|Any CPU.ActiveCfg = Debug|x86
		{4C238E9D-3C68-48A9-89C3-4AB51A82854C}.Debug|Mixed Platforms.ActiveCfg = Debug|x86
		{4C238E9D-3C68-48A9-89C3-4AB51A82854C}.Debug|Mixed Platforms.Build.0 = Debug|x86
		{4C238E9D-3C68-48A9-89C3-4AB51A82854C}.Debug|Windows Phone.ActiveCfg = Debug|x86
		{4C238E9D-3C68-48A9-89C3-4AB51A82854C}.Debug|Windows Phone.Build.0 = Debug|x86
		{4C238E9D-3C68-48A9-89C3-4AB51A82854C}.Debug|x64.ActiveCfg = Debug|x86
		{4C238E9D-3C68-48A9-89C3-4AB51A82854C}.Debug|x86.ActiveCfg = Debug|x86
		{4C238E9D-3C68-48A9-89C3-4AB51A82854C}.Debug|x86.Build.0 = Debug|x86
		{4C238E9D-3C68-48A9-89C3-4AB51A82854C}.Debug|Xbox 360.ActiveCfg = Debug|x86
		{4C238E9D-3C68-48A9-89C3-4AB51A82854C}.Debug|Xbox 360.Build.0 = Debug|x86
		{4C238E9D-3C68-48A9-89C3-4AB51A82854C}.Release|Any CPU.ActiveCfg = Release|x86
		{4C238E9D-3C68-48A9-89C3-4AB51A82854C}.Release|Mixed Platforms.ActiveCfg = Release|x86
		{4C238E9D-3C68-48A9-89C3-4AB51A82854C}.Release|Mixed Platforms.Build.0 = Release|x86
		{4C238E9D-3C68-48A9-89C3-4AB51A82854C}.Release|Windows Phone.ActiveCfg = Release|x86
		{4C238E9D-3C68-48A9-89C3-4AB51A82854C}.Release|Windows Phone.Build.0 = Release|x86
		{4C238E9D-3C68-48A9-89C3-4AB51A82854C}.Release|x64.ActiveCfg = Release|x86
		{4C238E9D-3C68-48A9-89C3-4AB51A82854C}.Release|x86.ActiveCfg = Release|x86
		{4C238E9D-3C68-48A9-89C3-4AB51A82854C}.Release|x86.Build.0 = Release|x86
		{4C238E9D-3C68-48A9-89C3-4AB51A82854C}.Release|Xbox 360.ActiveCfg = Release|x86
		{4C238E9D-3C68-48A9-89C3-4AB51A82854C}.Release|Xbox 360.Build.0 = Release|x86
	EndGlobalSection
	GlobalSection(SolutionProperties) = preSolution
		HideSolutionNode = FALSE
	EndGlobalSection
EndGlobal
